// !$*UTF8*$!
{
	archiveVersion = 1;
	classes = {
	};
	objectVersion = 46;
	objects = {

/* Begin PBXBuildFile section */
		CC881E5F1AD893CA0005E31B /* AppDelegate.swift in Sources */ = {isa = PBXBuildFile; fileRef = CC881E5E1AD893CA0005E31B /* AppDelegate.swift */; };
		CC881E611AD893CA0005E31B /* GeverateMemeViewController.swift in Sources */ = {isa = PBXBuildFile; fileRef = CC881E601AD893CA0005E31B /* GeverateMemeViewController.swift */; };
		CC881E641AD893CA0005E31B /* Main.storyboard in Resources */ = {isa = PBXBuildFile; fileRef = CC881E621AD893CA0005E31B /* Main.storyboard */; };
		CC881E661AD893CA0005E31B /* Images.xcassets in Resources */ = {isa = PBXBuildFile; fileRef = CC881E651AD893CA0005E31B /* Images.xcassets */; };
		CC881E691AD893CA0005E31B /* LaunchScreen.xib in Resources */ = {isa = PBXBuildFile; fileRef = CC881E671AD893CA0005E31B /* LaunchScreen.xib */; };
		CC881E751AD893CA0005E31B /* MemeMeOliviaTests.swift in Sources */ = {isa = PBXBuildFile; fileRef = CC881E741AD893CA0005E31B /* MemeMeOliviaTests.swift */; };
		CC881F6F1ADE0A430005E31B /* Meme.swift in Sources */ = {isa = PBXBuildFile; fileRef = CC881F6E1ADE0A430005E31B /* Meme.swift */; };
		CC9C6F531ADEF501003DAD39 /* TableViewController.swift in Sources */ = {isa = PBXBuildFile; fileRef = CC9C6F521ADEF501003DAD39 /* TableViewController.swift */; };
		CC9C6F551ADEF83C003DAD39 /* DetailedViewController.swift in Sources */ = {isa = PBXBuildFile; fileRef = CC9C6F541ADEF83C003DAD39 /* DetailedViewController.swift */; };
		CC9C6F851AE02C6D003DAD39 /* CollectionViewCell.swift in Sources */ = {isa = PBXBuildFile; fileRef = CC9C6F841AE02C6D003DAD39 /* CollectionViewCell.swift */; };
		CC9C6F871AE02D2B003DAD39 /* CollectionViewController.swift in Sources */ = {isa = PBXBuildFile; fileRef = CC9C6F861AE02D2B003DAD39 /* CollectionViewController.swift */; };
/* End PBXBuildFile section */

/* Begin PBXContainerItemProxy section */
		CC881E6F1AD893CA0005E31B /* PBXContainerItemProxy */ = {
			isa = PBXContainerItemProxy;
			containerPortal = CC881E511AD893CA0005E31B /* Project object */;
			proxyType = 1;
			remoteGlobalIDString = CC881E581AD893CA0005E31B;
			remoteInfo = MemeMeOlivia;
		};
/* End PBXContainerItemProxy section */

/* Begin PBXFileReference section */
		CC881E591AD893CA0005E31B /* MemeMeOlivia.app */ = {isa = PBXFileReference; explicitFileType = wrapper.application; includeInIndex = 0; path = MemeMeOlivia.app; sourceTree = BUILT_PRODUCTS_DIR; };
		CC881E5D1AD893CA0005E31B /* Info.plist */ = {isa = PBXFileReference; lastKnownFileType = text.plist.xml; path = Info.plist; sourceTree = "<group>"; };
		CC881E5E1AD893CA0005E31B /* AppDelegate.swift */ = {isa = PBXFileReference; lastKnownFileType = sourcecode.swift; path = AppDelegate.swift; sourceTree = "<group>"; };
		CC881E601AD893CA0005E31B /* GeverateMemeViewController.swift */ = {isa = PBXFileReference; lastKnownFileType = sourcecode.swift; path = GeverateMemeViewController.swift; sourceTree = "<group>"; };
		CC881E631AD893CA0005E31B /* Base */ = {isa = PBXFileReference; lastKnownFileType = file.storyboard; name = Base; path = Base.lproj/Main.storyboard; sourceTree = "<group>"; };
		CC881E651AD893CA0005E31B /* Images.xcassets */ = {isa = PBXFileReference; lastKnownFileType = folder.assetcatalog; path = Images.xcassets; sourceTree = "<group>"; };
		CC881E681AD893CA0005E31B /* Base */ = {isa = PBXFileReference; lastKnownFileType = file.xib; name = Base; path = Base.lproj/LaunchScreen.xib; sourceTree = "<group>"; };
		CC881E6E1AD893CA0005E31B /* MemeMeOliviaTests.xctest */ = {isa = PBXFileReference; explicitFileType = wrapper.cfbundle; includeInIndex = 0; path = MemeMeOliviaTests.xctest; sourceTree = BUILT_PRODUCTS_DIR; };
		CC881E731AD893CA0005E31B /* Info.plist */ = {isa = PBXFileReference; lastKnownFileType = text.plist.xml; path = Info.plist; sourceTree = "<group>"; };
		CC881E741AD893CA0005E31B /* MemeMeOliviaTests.swift */ = {isa = PBXFileReference; lastKnownFileType = sourcecode.swift; path = MemeMeOliviaTests.swift; sourceTree = "<group>"; };
		CC881F6E1ADE0A430005E31B /* Meme.swift */ = {isa = PBXFileReference; fileEncoding = 4; lastKnownFileType = sourcecode.swift; path = Meme.swift; sourceTree = "<group>"; };
		CC9C6F521ADEF501003DAD39 /* TableViewController.swift */ = {isa = PBXFileReference; fileEncoding = 4; lastKnownFileType = sourcecode.swift; path = TableViewController.swift; sourceTree = "<group>"; };
		CC9C6F541ADEF83C003DAD39 /* DetailedViewController.swift */ = {isa = PBXFileReference; fileEncoding = 4; lastKnownFileType = sourcecode.swift; path = DetailedViewController.swift; sourceTree = "<group>"; };
		CC9C6F841AE02C6D003DAD39 /* CollectionViewCell.swift */ = {isa = PBXFileReference; fileEncoding = 4; lastKnownFileType = sourcecode.swift; path = CollectionViewCell.swift; sourceTree = "<group>"; };
		CC9C6F861AE02D2B003DAD39 /* CollectionViewController.swift */ = {isa = PBXFileReference; fileEncoding = 4; lastKnownFileType = sourcecode.swift; path = CollectionViewController.swift; sourceTree = "<group>"; };
/* End PBXFileReference section */

/* Begin PBXFrameworksBuildPhase section */
		CC881E561AD893CA0005E31B /* Frameworks */ = {
			isa = PBXFrameworksBuildPhase;
			buildActionMask = 2147483647;
			files = (
			);
			runOnlyForDeploymentPostprocessing = 0;
		};
		CC881E6B1AD893CA0005E31B /* Frameworks */ = {
			isa = PBXFrameworksBuildPhase;
			buildActionMask = 2147483647;
			files = (
			);
			runOnlyForDeploymentPostprocessing = 0;
		};
/* End PBXFrameworksBuildPhase section */

/* Begin PBXGroup section */
		CC881E501AD893CA0005E31B = {
			isa = PBXGroup;
			children = (
				CC881E5B1AD893CA0005E31B /* MemeMeOlivia */,
				CC881E711AD893CA0005E31B /* MemeMeOliviaTests */,
				CC881E5A1AD893CA0005E31B /* Products */,
			);
			sourceTree = "<group>";
		};
		CC881E5A1AD893CA0005E31B /* Products */ = {
			isa = PBXGroup;
			children = (
				CC881E591AD893CA0005E31B /* MemeMeOlivia.app */,
				CC881E6E1AD893CA0005E31B /* MemeMeOliviaTests.xctest */,
			);
			name = Products;
			sourceTree = "<group>";
		};
		CC881E5B1AD893CA0005E31B /* MemeMeOlivia */ = {
			isa = PBXGroup;
			children = (
				CC881E5E1AD893CA0005E31B /* AppDelegate.swift */,
				CC881E601AD893CA0005E31B /* GeverateMemeViewController.swift */,
				CC881F6E1ADE0A430005E31B /* Meme.swift */,
				CC881E621AD893CA0005E31B /* Main.storyboard */,
				CC9C6F861AE02D2B003DAD39 /* CollectionViewController.swift */,
				CC9C6F841AE02C6D003DAD39 /* CollectionViewCell.swift */,
				CC9C6F521ADEF501003DAD39 /* TableViewController.swift */,
				CC9C6F541ADEF83C003DAD39 /* DetailedViewController.swift */,
				CC881E651AD893CA0005E31B /* Images.xcassets */,
				CC881E671AD893CA0005E31B /* LaunchScreen.xib */,
				CC881E5C1AD893CA0005E31B /* Supporting Files */,
			);
			path = MemeMeOlivia;
			sourceTree = "<group>";
		};
		CC881E5C1AD893CA0005E31B /* Supporting Files */ = {
			isa = PBXGroup;
			children = (
				CC881E5D1AD893CA0005E31B /* Info.plist */,
			);
			name = "Supporting Files";
			sourceTree = "<group>";
		};
		CC881E711AD893CA0005E31B /* MemeMeOliviaTests */ = {
			isa = PBXGroup;
			children = (
				CC881E741AD893CA0005E31B /* MemeMeOliviaTests.swift */,
				CC881E721AD893CA0005E31B /* Supporting Files */,
			);
			path = MemeMeOliviaTests;
			sourceTree = "<group>";
		};
		CC881E721AD893CA0005E31B /* Supporting Files */ = {
			isa = PBXGroup;
			children = (
				CC881E731AD893CA0005E31B /* Info.plist */,
			);
			name = "Supporting Files";
			sourceTree = "<group>";
		};
/* End PBXGroup section */

/* Begin PBXNativeTarget section */
		CC881E581AD893CA0005E31B /* MemeMeOlivia */ = {
			isa = PBXNativeTarget;
			buildConfigurationList = CC881E781AD893CA0005E31B /* Build configuration list for PBXNativeTarget "MemeMeOlivia" */;
			buildPhases = (
				CC881E551AD893CA0005E31B /* Sources */,
				CC881E561AD893CA0005E31B /* Frameworks */,
				CC881E571AD893CA0005E31B /* Resources */,
			);
			buildRules = (
			);
			dependencies = (
			);
			name = MemeMeOlivia;
			productName = MemeMeOlivia;
			productReference = CC881E591AD893CA0005E31B /* MemeMeOlivia.app */;
			productType = "com.apple.product-type.application";
		};
		CC881E6D1AD893CA0005E31B /* MemeMeOliviaTests */ = {
			isa = PBXNativeTarget;
			buildConfigurationList = CC881E7B1AD893CA0005E31B /* Build configuration list for PBXNativeTarget "MemeMeOliviaTests" */;
			buildPhases = (
				CC881E6A1AD893CA0005E31B /* Sources */,
				CC881E6B1AD893CA0005E31B /* Frameworks */,
				CC881E6C1AD893CA0005E31B /* Resources */,
			);
			buildRules = (
			);
			dependencies = (
				CC881E701AD893CA0005E31B /* PBXTargetDependency */,
			);
			name = MemeMeOliviaTests;
			productName = MemeMeOliviaTests;
			productReference = CC881E6E1AD893CA0005E31B /* MemeMeOliviaTests.xctest */;
			productType = "com.apple.product-type.bundle.unit-test";
		};
/* End PBXNativeTarget section */

/* Begin PBXProject section */
		CC881E511AD893CA0005E31B /* Project object */ = {
			isa = PBXProject;
			attributes = {
				LastUpgradeCheck = 0630;
				ORGANIZATIONNAME = Halfspace;
				TargetAttributes = {
					CC881E581AD893CA0005E31B = {
						CreatedOnToolsVersion = 6.3;
						DevelopmentTeam = EJ6UZN63RR;
					};
					CC881E6D1AD893CA0005E31B = {
						CreatedOnToolsVersion = 6.3;
						TestTargetID = CC881E581AD893CA0005E31B;
					};
				};
			};
			buildConfigurationList = CC881E541AD893CA0005E31B /* Build configuration list for PBXProject "MemeMeOlivia" */;
			compatibilityVersion = "Xcode 3.2";
			developmentRegion = English;
			hasScannedForEncodings = 0;
			knownRegions = (
				en,
				Base,
			);
			mainGroup = CC881E501AD893CA0005E31B;
			productRefGroup = CC881E5A1AD893CA0005E31B /* Products */;
			projectDirPath = "";
			projectRoot = "";
			targets = (
				CC881E581AD893CA0005E31B /* MemeMeOlivia */,
				CC881E6D1AD893CA0005E31B /* MemeMeOliviaTests */,
			);
		};
/* End PBXProject section */

/* Begin PBXResourcesBuildPhase section */
		CC881E571AD893CA0005E31B /* Resources */ = {
			isa = PBXResourcesBuildPhase;
			buildActionMask = 2147483647;
			files = (
				CC881E641AD893CA0005E31B /* Main.storyboard in Resources */,
				CC881E691AD893CA0005E31B /* LaunchScreen.xib in Resources */,
				CC881E661AD893CA0005E31B /* Images.xcassets in Resources */,
			);
			runOnlyForDeploymentPostprocessing = 0;
		};
		CC881E6C1AD893CA0005E31B /* Resources */ = {
			isa = PBXResourcesBuildPhase;
			buildActionMask = 2147483647;
			files = (
			);
			runOnlyForDeploymentPostprocessing = 0;
		};
/* End PBXResourcesBuildPhase section */

/* Begin PBXSourcesBuildPhase section */
		CC881E551AD893CA0005E31B /* Sources */ = {
			isa = PBXSourcesBuildPhase;
			buildActionMask = 2147483647;
			files = (
				CC881F6F1ADE0A430005E31B /* Meme.swift in Sources */,
				CC881E611AD893CA0005E31B /* GeverateMemeViewController.swift in Sources */,
				CC9C6F851AE02C6D003DAD39 /* CollectionViewCell.swift in Sources */,
				CC9C6F551ADEF83C003DAD39 /* DetailedViewController.swift in Sources */,
				CC9C6F871AE02D2B003DAD39 /* CollectionViewController.swift in Sources */,
				CC881E5F1AD893CA0005E31B /* AppDelegate.swift in Sources */,
				CC9C6F531ADEF501003DAD39 /* TableViewController.swift in Sources */,
			);
			runOnlyForDeploymentPostprocessing = 0;
		};
		CC881E6A1AD893CA0005E31B /* Sources */ = {
			isa = PBXSourcesBuildPhase;
			buildActionMask = 2147483647;
			files = (
				CC881E751AD893CA0005E31B /* MemeMeOliviaTests.swift in Sources */,
			);
			runOnlyForDeploymentPostprocessing = 0;
		};
/* End PBXSourcesBuildPhase section */

/* Begin PBXTargetDependency section */
		CC881E701AD893CA0005E31B /* PBXTargetDependency */ = {
			isa = PBXTargetDependency;
			target = CC881E581AD893CA0005E31B /* MemeMeOlivia */;
			targetProxy = CC881E6F1AD893CA0005E31B /* PBXContainerItemProxy */;
		};
/* End PBXTargetDependency section */

/* Begin PBXVariantGroup section */
		CC881E621AD893CA0005E31B /* Main.storyboard */ = {
			isa = PBXVariantGroup;
			children = (
				CC881E631AD893CA0005E31B /* Base */,
			);
			name = Main.storyboard;
			sourceTree = "<group>";
		};
		CC881E671AD893CA0005E31B /* LaunchScreen.xib */ = {
			isa = PBXVariantGroup;
			children = (
				CC881E681AD893CA0005E31B /* Base */,
			);
			name = LaunchScreen.xib;
			sourceTree = "<group>";
		};
/* End PBXVariantGroup section */

/* Begin XCBuildConfiguration section */
		CC881E761AD893CA0005E31B /* Debug */ = {
			isa = XCBuildConfiguration;
			buildSettings = {
				ALWAYS_SEARCH_USER_PATHS = NO;
				CLANG_CXX_LANGUAGE_STANDARD = "gnu++0x";
				CLANG_CXX_LIBRARY = "libc++";
				CLANG_ENABLE_MODULES = YES;
				CLANG_ENABLE_OBJC_ARC = YES;
				CLANG_WARN_BOOL_CONVERSION = YES;
				CLANG_WARN_CONSTANT_CONVERSION = YES;
				CLANG_WARN_DIRECT_OBJC_ISA_USAGE = YES_ERROR;
				CLANG_WARN_EMPTY_BODY = YES;
				CLANG_WARN_ENUM_CONVERSION = YES;
				CLANG_WARN_INT_CONVERSION = YES;
				CLANG_WARN_OBJC_ROOT_CLASS = YES_ERROR;
				CLANG_WARN_UNREACHABLE_CODE = YES;
				CLANG_WARN__DUPLICATE_METHOD_MATCH = YES;
				"CODE_SIGN_IDENTITY[sdk=iphoneos*]" = "iPhone Developer";
				COPY_PHASE_STRIP = NO;
				DEBUG_INFORMATION_FORMAT = dwarf;
				ENABLE_STRICT_OBJC_MSGSEND = YES;
				GCC_C_LANGUAGE_STANDARD = gnu99;
				GCC_DYNAMIC_NO_PIC = NO;
				GCC_NO_COMMON_BLOCKS = YES;
				GCC_OPTIMIZATION_LEVEL = 0;
				GCC_PREPROCESSOR_DEFINITIONS = (
					"DEBUG=1",
					"$(inherited)",
				);
				GCC_SYMBOLS_PRIVATE_EXTERN = NO;
				GCC_WARN_64_TO_32_BIT_CONVERSION = YES;
				GCC_WARN_ABOUT_RETURN_TYPE = YES_ERROR;
				GCC_WARN_UNDECLARED_SELECTOR = YES;
				GCC_WARN_UNINITIALIZED_AUTOS = YES_AGGRESSIVE;
				GCC_WARN_UNUSED_FUNCTION = YES;
				GCC_WARN_UNUSED_VARIABLE = YES;
				IPHONEOS_DEPLOYMENT_TARGET = 8.3;
				MTL_ENABLE_DEBUG_INFO = YES;
				ONLY_ACTIVE_ARCH = YES;
				SDKROOT = iphoneos;
				SWIFT_OPTIMIZATION_LEVEL = "-Onone";
				TARGETED_DEVICE_FAMILY = "1,2";
			};
			name = Debug;
		};
		CC881E771AD893CA0005E31B /* Release */ = {
			isa = XCBuildConfiguration;
			buildSettings = {
				ALWAYS_SEARCH_USER_PATHS = NO;
				CLANG_CXX_LANGUAGE_STANDARD = "gnu++0x";
				CLANG_CXX_LIBRARY = "libc++";
				CLANG_ENABLE_MODULES = YES;
				CLANG_ENABLE_OBJC_ARC = YES;
				CLANG_WARN_BOOL_CONVERSION = YES;
				CLANG_WARN_CONSTANT_CONVERSION = YES;
				CLANG_WARN_DIRECT_OBJC_ISA_USAGE = YES_ERROR;
				CLANG_WARN_EMPTY_BODY = YES;
				CLANG_WARN_ENUM_CONVERSION = YES;
				CLANG_WARN_INT_CONVERSION = YES;
				CLANG_WARN_OBJC_ROOT_CLASS = YES_ERROR;
				CLANG_WARN_UNREACHABLE_CODE = YES;
				CLANG_WARN__DUPLICATE_METHOD_MATCH = YES;
				"CODE_SIGN_IDENTITY[sdk=iphoneos*]" = "iPhone Developer";
				COPY_PHASE_STRIP = NO;
				DEBUG_INFORMATION_FORMAT = "dwarf-with-dsym";
				ENABLE_NS_ASSERTIONS = NO;
				ENABLE_STRICT_OBJC_MSGSEND = YES;
				GCC_C_LANGUAGE_STANDARD = gnu99;
				GCC_NO_COMMON_BLOCKS = YES;
				GCC_WARN_64_TO_32_BIT_CONVERSION = YES;
				GCC_WARN_ABOUT_RETURN_TYPE = YES_ERROR;
				GCC_WARN_UNDECLARED_SELECTOR = YES;
				GCC_WARN_UNINITIALIZED_AUTOS = YES_AGGRESSIVE;
				GCC_WARN_UNUSED_FUNCTION = YES;
				GCC_WARN_UNUSED_VARIABLE = YES;
				IPHONEOS_DEPLOYMENT_TARGET = 8.3;
				MTL_ENABLE_DEBUG_INFO = NO;
				SDKROOT = iphoneos;
				TARGETED_DEVICE_FAMILY = "1,2";
				VALIDATE_PRODUCT = YES;
			};
			name = Release;
		};
		CC881E791AD893CA0005E31B /* Debug */ = {
			isa = XCBuildConfiguration;
			buildSettings = {
				ASSETCATALOG_COMPILER_APPICON_NAME = AppIcon;
				CODE_SIGN_IDENTITY = "iPhone Developer";
				"CODE_SIGN_IDENTITY[sdk=iphoneos*]" = "iPhone Developer";
				INFOPLIST_FILE = MemeMeOlivia/Info.plist;
				IPHONEOS_DEPLOYMENT_TARGET = 8.1;
				LD_RUNPATH_SEARCH_PATHS = "$(inherited) @executable_path/Frameworks";
				PRODUCT_NAME = "$(TARGET_NAME)";
				PROVISIONING_PROFILE = "";
				TARGETED_DEVICE_FAMILY = "1,2";
			};
			name = Debug;
		};
		CC881E7A1AD893CA0005E31B /* Release */ = {
			isa = XCBuildConfiguration;
			buildSettings = {
				ASSETCATALOG_COMPILER_APPICON_NAME = AppIcon;
				CODE_SIGN_IDENTITY = "iPhone Developer";
				"CODE_SIGN_IDENTITY[sdk=iphoneos*]" = "iPhone Developer";
				INFOPLIST_FILE = MemeMeOlivia/Info.plist;
				IPHONEOS_DEPLOYMENT_TARGET = 8.1;
				LD_RUNPATH_SEARCH_PATHS = "$(inherited) @executable_path/Frameworks";
				PRODUCT_NAME = "$(TARGET_NAME)";
				PROVISIONING_PROFILE = "";
				TARGETED_DEVICE_FAMILY = "1,2";
			};
			name = Release;
		};
		CC881E7C1AD893CA0005E31B /* Debug */ = {
			isa = XCBuildConfiguration;
			buildSettings = {
				BUNDLE_LOADER = "$(TEST_HOST)";
				FRAMEWORK_SEARCH_PATHS = (
					"$(SDKROOT)/Developer/Library/Frameworks",
					"$(inherited)",
				);
				GCC_PREPROCESSOR_DEFINITIONS = (
					"DEBUG=1",
					"$(inherited)",
				);
				INFOPLIST_FILE = MemeMeOliviaTests/Info.plist;
				LD_RUNPATH_SEARCH_PATHS = "$(inherited) @executable_path/Frameworks @loader_path/Frameworks";
				PRODUCT_NAME = "$(TARGET_NAME)";
				TEST_HOST = "$(BUILT_PRODUCTS_DIR)/MemeMeOlivia.app/MemeMeOlivia";
			};
			name = Debug;
		};
		CC881E7D1AD893CA0005E31B /* Release */ = {
			isa = XCBuildConfiguration;
			buildSettings = {
				BUNDLE_LOADER = "$(TEST_HOST)";
				FRAMEWORK_SEARCH_PATHS = (
					"$(SDKROOT)/Developer/Library/Frameworks",
					"$(inherited)",
				);
				INFOPLIST_FILE = MemeMeOliviaTests/Info.plist;
				LD_RUNPATH_SEARCH_PATHS = "$(inherited) @executable_path/Frameworks @loader_path/Frameworks";
				PRODUCT_NAME = "$(TARGET_NAME)";
				TEST_HOST = "$(BUILT_PRODUCTS_DIR)/MemeMeOlivia.app/MemeMeOlivia";
			};
			name = Release;
		};
/* End XCBuildConfiguration section */

/* Begin XCConfigurationList section */
		CC881E541AD893CA0005E31B /* Build configuration list for PBXProject "MemeMeOlivia" */ = {
			isa = XCConfigurationList;
			buildConfigurations = (
				CC881E761AD893CA0005E31B /* Debug */,
				CC881E771AD893CA0005E31B /* Release */,
			);
			defaultConfigurationIsVisible = 0;
			defaultConfigurationName = Release;
		};
		CC881E781AD893CA0005E31B /* Build configuration list for PBXNativeTarget "MemeMeOlivia" */ = {
			isa = XCConfigurationList;
			buildConfigurations = (
				CC881E791AD893CA0005E31B /* Debug */,
				CC881E7A1AD893CA0005E31B /* Release */,
			);
			defaultConfigurationIsVisible = 0;
			defaultConfigurationName = Release;
		};
		CC881E7B1AD893CA0005E31B /* Build configuration list for PBXNativeTarget "MemeMeOliviaTests" */ = {
			isa = XCConfigurationList;
			buildConfigurations = (
				CC881E7C1AD893CA0005E31B /* Debug */,
				CC881E7D1AD893CA0005E31B /* Release */,
			);
			defaultConfigurationIsVisible = 0;
			defaultConfigurationName = Release;
		};
/* End XCConfigurationList section */
	};
	rootObject = CC881E511AD893CA0005E31B /* Project object */;
}
